
Microsoft Visual Studio Solution File, Format Version 12.00
# Visual Studio Version 16
VisualStudioVersion = 16.0.30002.166
MinimumVisualStudioVersion = 10.0.40219.1
Project("{9A19103F-16F7-4668-BE54-9A1E7A4F7556}") = "InventoryManagement.Web", "InventoryManagement.Web\InventoryManagement.Web.csproj", "{D618AF6D-C4F9-45DE-B077-6A17C2801DED}"
EndProject
Project("{9A19103F-16F7-4668-BE54-9A1E7A4F7556}") = "InventoryManagement.Data", "InventoryManagement.Data\InventoryManagement.Data.csproj", "{53A41CE4-956B-4C31-8F43-A71946B9E2BA}"
EndProject
Project("{9A19103F-16F7-4668-BE54-9A1E7A4F7556}") = "InventoryManagement.Repository", "InventoryManagement.Repository\InventoryManagement.Repository.csproj", "{367D18D2-765B-4BEB-9CAD-75B8F77DF790}"
EndProject
Project("{9A19103F-16F7-4668-BE54-9A1E7A4F7556}") = "JqueryDataTables.LoopsIT", "JqueryDataTables.LoopsIT\JqueryDataTables.LoopsIT.csproj", "{5242E3B3-75AA-4BDA-B763-CA28DD809F92}"
EndProject
Project("{FAE04EC0-301F-11D3-BF4B-00C04F79EFBC}") = "InventoryManagement.BusinessLogin", "InventoryManagement.BusinessLogin\InventoryManagement.BusinessLogin.csproj", "{1BABBA1A-52FA-41B5-B7AB-D5BAEB57ED4C}"
EndProject
Global
	GlobalSection(SolutionConfigurationPlatforms) = preSolution
		Debug|Any CPU = Debug|Any CPU
		Release|Any CPU = Release|Any CPU
	EndGlobalSection
	GlobalSection(ProjectConfigurationPlatforms) = postSolution
		{D618AF6D-C4F9-45DE-B077-6A17C2801DED}.Debug|Any CPU.ActiveCfg = Debug|Any CPU
		{D618AF6D-C4F9-45DE-B077-6A17C2801DED}.Debug|Any CPU.Build.0 = Debug|Any CPU
		{D618AF6D-C4F9-45DE-B077-6A17C2801DED}.Release|Any CPU.ActiveCfg = Release|Any CPU
		{D618AF6D-C4F9-45DE-B077-6A17C2801DED}.Release|Any CPU.Build.0 = Release|Any CPU
		{53A41CE4-956B-4C31-8F43-A71946B9E2BA}.Debug|Any CPU.ActiveCfg = Debug|Any CPU
		{53A41CE4-956B-4C31-8F43-A71946B9E2BA}.Debug|Any CPU.Build.0 = Debug|Any CPU
		{53A41CE4-956B-4C31-8F43-A71946B9E2BA}.Release|Any CPU.ActiveCfg = Release|Any CPU
		{53A41CE4-956B-4C31-8F43-A71946B9E2BA}.Release|Any CPU.Build.0 = Release|Any CPU
		{367D18D2-765B-4BEB-9CAD-75B8F77DF790}.Debug|Any CPU.ActiveCfg = Debug|Any CPU
		{367D18D2-765B-4BEB-9CAD-75B8F77DF790}.Debug|Any CPU.Build.0 = Debug|Any CPU
		{367D18D2-765B-4BEB-9CAD-75B8F77DF790}.Release|Any CPU.ActiveCfg = Release|Any CPU
		{367D18D2-765B-4BEB-9CAD-75B8F77DF790}.Release|Any CPU.Build.0 = Release|Any CPU
		{5242E3B3-75AA-4BDA-B763-CA28DD809F92}.Debug|Any CPU.ActiveCfg = Debug|Any CPU
		{5242E3B3-75AA-4BDA-B763-CA28DD809F92}.Debug|Any CPU.Build.0 = Debug|Any CPU
		{5242E3B3-75AA-4BDA-B763-CA28DD809F92}.Release|Any CPU.ActiveCfg = Release|Any CPU
		{5242E3B3-75AA-4BDA-B763-CA28DD809F92}.Release|Any CPU.Build.0 = Release|Any CPU
		{1BABBA1A-52FA-41B5-B7AB-D5BAEB57ED4C}.Debug|Any CPU.ActiveCfg = Debug|Any CPU
		{1BABBA1A-52FA-41B5-B7AB-D5BAEB57ED4C}.Debug|Any CPU.Build.0 = Debug|Any CPU
		{1BABBA1A-52FA-41B5-B7AB-D5BAEB57ED4C}.Release|Any CPU.ActiveCfg = Release|Any CPU
		{1BABBA1A-52FA-41B5-B7AB-D5BAEB57ED4C}.Release|Any CPU.Build.0 = Release|Any CPU
	EndGlobalSection
	GlobalSection(SolutionProperties) = preSolution
		HideSolutionNode = FALSE
	EndGlobalSection
	GlobalSection(ExtensibilityGlobals) = postSolution
		SolutionGuid = {C8346527-A41B-4558-AD53-5CF5DF76A4C5}
	EndGlobalSection
EndGlobal
